// !$*UTF8*$!
{
	archiveVersion = 1;
	classes = {
	};
	objectVersion = 52;
	objects = {

/* Begin PBXBuildFile section */
		342E891F26AEE4F80094378B /* Places.graphql in Resources */ = {isa = PBXBuildFile; fileRef = 342E891E26AEE4F80094378B /* Places.graphql */; };
		342E892126AEE94C0094378B /* API+CustomScalars.swift in Sources */ = {isa = PBXBuildFile; fileRef = 342E892026AEE94C0094378B /* API+CustomScalars.swift */; };
		342E892326AEF3C10094378B /* PlacesMapView.swift in Sources */ = {isa = PBXBuildFile; fileRef = 342E892226AEF3C10094378B /* PlacesMapView.swift */; };
		342E892526AF02410094378B /* PlacesImageAnnotationView.swift in Sources */ = {isa = PBXBuildFile; fileRef = 342E892426AF02410094378B /* PlacesImageAnnotationView.swift */; };
		342E892726AF03B70094378B /* PlacesImageAnnotation.swift in Sources */ = {isa = PBXBuildFile; fileRef = 342E892626AF03B70094378B /* PlacesImageAnnotation.swift */; };
		343EE58926A8869F002FC34B /* PhotoviewApp.swift in Sources */ = {isa = PBXBuildFile; fileRef = 343EE58826A8869F002FC34B /* PhotoviewApp.swift */; };
		343EE58D26A886A2002FC34B /* Assets.xcassets in Resources */ = {isa = PBXBuildFile; fileRef = 343EE58C26A886A2002FC34B /* Assets.xcassets */; };
		343EE59026A886A2002FC34B /* Preview Assets.xcassets in Resources */ = {isa = PBXBuildFile; fileRef = 343EE58F26A886A2002FC34B /* Preview Assets.xcassets */; };
		343EE59B26A886A2002FC34B /* PhotoviewTests.swift in Sources */ = {isa = PBXBuildFile; fileRef = 343EE59A26A886A2002FC34B /* PhotoviewTests.swift */; };
		343EE5A626A886A2002FC34B /* PhotoviewUITests.swift in Sources */ = {isa = PBXBuildFile; fileRef = 343EE5A526A886A2002FC34B /* PhotoviewUITests.swift */; };
		3470512D26AEB2DD007ECB91 /* FullScreenGalleryView.swift in Sources */ = {isa = PBXBuildFile; fileRef = 3470512C26AEB2DD007ECB91 /* FullScreenGalleryView.swift */; };
		3470512F26AEBEAD007ECB91 /* View+if.swift in Sources */ = {isa = PBXBuildFile; fileRef = 3470512E26AEBEAD007ECB91 /* View+if.swift */; };
		3472012D26A88EAE00293C9D /* schema.json in Resources */ = {isa = PBXBuildFile; fileRef = 3472012C26A88EAE00293C9D /* schema.json */; };
		348268C526A88FE9006A7D64 /* InitialSetupQuery.graphql in Resources */ = {isa = PBXBuildFile; fileRef = 348268C426A88FE9006A7D64 /* InitialSetupQuery.graphql */; };
		348268C726A89030006A7D64 /* API.swift in Sources */ = {isa = PBXBuildFile; fileRef = 348268C626A89030006A7D64 /* API.swift */; };
		348268CB26A890F3006A7D64 /* WelcomeScreen.swift in Sources */ = {isa = PBXBuildFile; fileRef = 348268CA26A890F3006A7D64 /* WelcomeScreen.swift */; };
		348268D026A89801006A7D64 /* CredentialsModel.swift in Sources */ = {isa = PBXBuildFile; fileRef = 348268CF26A89801006A7D64 /* CredentialsModel.swift */; };
		348268D226A8A2F4006A7D64 /* PrimaryButtonStyle.swift in Sources */ = {isa = PBXBuildFile; fileRef = 348268D126A8A2F4006A7D64 /* PrimaryButtonStyle.swift */; };
		348268D626A8B093006A7D64 /* AuthenticationQueries.graphql in Resources */ = {isa = PBXBuildFile; fileRef = 348268D526A8B093006A7D64 /* AuthenticationQueries.graphql */; };
		348268D826A8B243006A7D64 /* Network.swift in Sources */ = {isa = PBXBuildFile; fileRef = 348268D726A8B243006A7D64 /* Network.swift */; };
		348268DB26A8CEB7006A7D64 /* KeychainSwift in Frameworks */ = {isa = PBXBuildFile; productRef = 348268DA26A8CEB7006A7D64 /* KeychainSwift */; };
		348268DD26A8CEC4006A7D64 /* Network+Authentication.swift in Sources */ = {isa = PBXBuildFile; fileRef = 348268DC26A8CEC4006A7D64 /* Network+Authentication.swift */; };
		348268E026AC3D86006A7D64 /* AppView.swift in Sources */ = {isa = PBXBuildFile; fileRef = 348268DF26AC3D86006A7D64 /* AppView.swift */; };
		348268E726AC3E0F006A7D64 /* AlbumsScreen.swift in Sources */ = {isa = PBXBuildFile; fileRef = 348268E626AC3E0F006A7D64 /* AlbumsScreen.swift */; };
		348268E926AC3E18006A7D64 /* TimelineScreen.swift in Sources */ = {isa = PBXBuildFile; fileRef = 348268E826AC3E18006A7D64 /* TimelineScreen.swift */; };
		348268EB26AC3E1F006A7D64 /* PlacesScreen.swift in Sources */ = {isa = PBXBuildFile; fileRef = 348268EA26AC3E1F006A7D64 /* PlacesScreen.swift */; };
		348268ED26AC3E26006A7D64 /* PeopleScreen.swift in Sources */ = {isa = PBXBuildFile; fileRef = 348268EC26AC3E26006A7D64 /* PeopleScreen.swift */; };
		348268EF26AC3E33006A7D64 /* SettingsView.swift in Sources */ = {isa = PBXBuildFile; fileRef = 348268EE26AC3E33006A7D64 /* SettingsView.swift */; };
		348268F126AC4234006A7D64 /* AlbumView.swift in Sources */ = {isa = PBXBuildFile; fileRef = 348268F026AC4234006A7D64 /* AlbumView.swift */; };
		348268F326AC4270006A7D64 /* Albums.graphql in Resources */ = {isa = PBXBuildFile; fileRef = 348268F226AC4270006A7D64 /* Albums.graphql */; };
		348268F526AC4A0A006A7D64 /* AlbumThumbnailView.swift in Sources */ = {isa = PBXBuildFile; fileRef = 348268F426AC4A0A006A7D64 /* AlbumThumbnailView.swift */; };
		348268F726AC4A7A006A7D64 /* ProtectedImageView.swift in Sources */ = {isa = PBXBuildFile; fileRef = 348268F626AC4A7A006A7D64 /* ProtectedImageView.swift */; };
		348268F926AC73BA006A7D64 /* MediaThumbnailView.swift in Sources */ = {isa = PBXBuildFile; fileRef = 348268F826AC73BA006A7D64 /* MediaThumbnailView.swift */; };
		348268FE26AD709F006A7D64 /* MediaDetailsView.swift in Sources */ = {isa = PBXBuildFile; fileRef = 348268FD26AD709F006A7D64 /* MediaDetailsView.swift */; };
		3482690126AD72BE006A7D64 /* MediaDetails.graphql in Resources */ = {isa = PBXBuildFile; fileRef = 3482690026AD72BE006A7D64 /* MediaDetails.graphql */; };
		3482690426AD9129006A7D64 /* ExifDetailsView.swift in Sources */ = {isa = PBXBuildFile; fileRef = 3482690326AD9129006A7D64 /* ExifDetailsView.swift */; };
		3482690626ADABF6006A7D64 /* DownloadDetailsView.swift in Sources */ = {isa = PBXBuildFile; fileRef = 3482690526ADABF6006A7D64 /* DownloadDetailsView.swift */; };
		3482690826ADAD6B006A7D64 /* ShareSheet.swift in Sources */ = {isa = PBXBuildFile; fileRef = 3482690726ADAD6B006A7D64 /* ShareSheet.swift */; };
		3482690A26ADB56D006A7D64 /* ShareDetailsView.swift in Sources */ = {isa = PBXBuildFile; fileRef = 3482690926ADB56D006A7D64 /* ShareDetailsView.swift */; };
		3482690C26ADBFF5006A7D64 /* ThumbnailDetailsView.swift in Sources */ = {isa = PBXBuildFile; fileRef = 3482690B26ADBFF5006A7D64 /* ThumbnailDetailsView.swift */; };
		34A72B7126B17D7D003127B1 /* ClusterDetailsView.swift in Sources */ = {isa = PBXBuildFile; fileRef = 34A72B7026B17D7D003127B1 /* ClusterDetailsView.swift */; };
		34A72B7326B17F69003127B1 /* MediaGrid.swift in Sources */ = {isa = PBXBuildFile; fileRef = 34A72B7226B17F69003127B1 /* MediaGrid.swift */; };
		34A72B7526B17FC7003127B1 /* AlbumGrid.swift in Sources */ = {isa = PBXBuildFile; fileRef = 34A72B7426B17FC7003127B1 /* AlbumGrid.swift */; };
		34A72B7826B185EC003127B1 /* Apollo+GraphqlID.swift in Sources */ = {isa = PBXBuildFile; fileRef = 34A72B7726B185EC003127B1 /* Apollo+GraphqlID.swift */; };
		34A72B7A26B1921D003127B1 /* Mapkit+Equatable.swift in Sources */ = {isa = PBXBuildFile; fileRef = 34A72B7926B1921D003127B1 /* Mapkit+Equatable.swift */; };
		34A72B7C26B2B262003127B1 /* People.graphql in Resources */ = {isa = PBXBuildFile; fileRef = 34A72B7B26B2B261003127B1 /* People.graphql */; };
		34A72B8026B2B4D3003127B1 /* FaceThumbnailView.swift in Sources */ = {isa = PBXBuildFile; fileRef = 34A72B7F26B2B4D3003127B1 /* FaceThumbnailView.swift */; };
		34A72B8226B2B6F7003127B1 /* FaceGrid.swift in Sources */ = {isa = PBXBuildFile; fileRef = 34A72B8126B2B6F7003127B1 /* FaceGrid.swift */; };
		34A72B8526B2C639003127B1 /* PersonView.swift in Sources */ = {isa = PBXBuildFile; fileRef = 34A72B8426B2C639003127B1 /* PersonView.swift */; };
		34C52F6926A88D4E005ED502 /* Apollo in Frameworks */ = {isa = PBXBuildFile; productRef = 34C52F6826A88D4E005ED502 /* Apollo */; };
		34CB716C2724545D0089425D /* Apollo+Async.swift in Sources */ = {isa = PBXBuildFile; fileRef = 34CB716B2724545D0089425D /* Apollo+Async.swift */; };
		34F3EE7127AD56110082624D /* BlurHash+UIImage.swift in Sources */ = {isa = PBXBuildFile; fileRef = 34F3EE7027AD56110082624D /* BlurHash+UIImage.swift */; };
		34F3EE7327AD854A0082624D /* ProtectedVideoView.swift in Sources */ = {isa = PBXBuildFile; fileRef = 34F3EE7227AD854A0082624D /* ProtectedVideoView.swift */; };
		34F3EE7527AD8ECE0082624D /* ProtectedMediaView.swift in Sources */ = {isa = PBXBuildFile; fileRef = 34F3EE7427AD8ECE0082624D /* ProtectedMediaView.swift */; };
		34F9C42E26CECC6900D2D3A5 /* Timeline.graphql in Resources */ = {isa = PBXBuildFile; fileRef = 34F9C42D26CECC6900D2D3A5 /* Timeline.graphql */; };
		34F9C43026CECE7000D2D3A5 /* TimelineView.swift in Sources */ = {isa = PBXBuildFile; fileRef = 34F9C42F26CECE7000D2D3A5 /* TimelineView.swift */; };
		34FF398027BFEEE300321C10 /* SearchResultsOverlay.swift in Sources */ = {isa = PBXBuildFile; fileRef = 34FF397F27BFEEE300321C10 /* SearchResultsOverlay.swift */; };
		34FF398227BFF26200321C10 /* MediaSearchQuery.graphql in Resources */ = {isa = PBXBuildFile; fileRef = 34FF398127BFF26200321C10 /* MediaSearchQuery.graphql */; };
		34FF398427C13C8600321C10 /* UIDevice+deviceType.swift in Sources */ = {isa = PBXBuildFile; fileRef = 34FF398327C13C8600321C10 /* UIDevice+deviceType.swift */; };
		34FF398627C13DB600321C10 /* MediaSidebarView.swift in Sources */ = {isa = PBXBuildFile; fileRef = 34FF398527C13DB600321C10 /* MediaSidebarView.swift */; };
		34FF398A27C1998100321C10 /* TimelineState.swift in Sources */ = {isa = PBXBuildFile; fileRef = 34FF398927C1998100321C10 /* TimelineState.swift */; };
/* End PBXBuildFile section */

/* Begin PBXContainerItemProxy section */
		343EE59726A886A2002FC34B /* PBXContainerItemProxy */ = {
			isa = PBXContainerItemProxy;
			containerPortal = 343EE57D26A8869F002FC34B /* Project object */;
			proxyType = 1;
			remoteGlobalIDString = 343EE58426A8869F002FC34B;
			remoteInfo = Photoview;
		};
		343EE5A226A886A2002FC34B /* PBXContainerItemProxy */ = {
			isa = PBXContainerItemProxy;
			containerPortal = 343EE57D26A8869F002FC34B /* Project object */;
			proxyType = 1;
			remoteGlobalIDString = 343EE58426A8869F002FC34B;
			remoteInfo = Photoview;
		};
/* End PBXContainerItemProxy section */

/* Begin PBXFileReference section */
		342E891E26AEE4F80094378B /* Places.graphql */ = {isa = PBXFileReference; lastKnownFileType = text; path = Places.graphql; sourceTree = "<group>"; };
		342E892026AEE94C0094378B /* API+CustomScalars.swift */ = {isa = PBXFileReference; lastKnownFileType = sourcecode.swift; path = "API+CustomScalars.swift"; sourceTree = "<group>"; };
		342E892226AEF3C10094378B /* PlacesMapView.swift */ = {isa = PBXFileReference; lastKnownFileType = sourcecode.swift; path = PlacesMapView.swift; sourceTree = "<group>"; };
		342E892426AF02410094378B /* PlacesImageAnnotationView.swift */ = {isa = PBXFileReference; lastKnownFileType = sourcecode.swift; path = PlacesImageAnnotationView.swift; sourceTree = "<group>"; };
		342E892626AF03B70094378B /* PlacesImageAnnotation.swift */ = {isa = PBXFileReference; lastKnownFileType = sourcecode.swift; path = PlacesImageAnnotation.swift; sourceTree = "<group>"; };
		343EE58526A8869F002FC34B /* Photoview.app */ = {isa = PBXFileReference; explicitFileType = wrapper.application; includeInIndex = 0; path = Photoview.app; sourceTree = BUILT_PRODUCTS_DIR; };
		343EE58826A8869F002FC34B /* PhotoviewApp.swift */ = {isa = PBXFileReference; lastKnownFileType = sourcecode.swift; path = PhotoviewApp.swift; sourceTree = "<group>"; };
		343EE58C26A886A2002FC34B /* Assets.xcassets */ = {isa = PBXFileReference; lastKnownFileType = folder.assetcatalog; path = Assets.xcassets; sourceTree = "<group>"; };
		343EE58F26A886A2002FC34B /* Preview Assets.xcassets */ = {isa = PBXFileReference; lastKnownFileType = folder.assetcatalog; path = "Preview Assets.xcassets"; sourceTree = "<group>"; };
		343EE59126A886A2002FC34B /* Info.plist */ = {isa = PBXFileReference; lastKnownFileType = text.plist.xml; path = Info.plist; sourceTree = "<group>"; };
		343EE59626A886A2002FC34B /* PhotoviewTests.xctest */ = {isa = PBXFileReference; explicitFileType = wrapper.cfbundle; includeInIndex = 0; path = PhotoviewTests.xctest; sourceTree = BUILT_PRODUCTS_DIR; };
		343EE59A26A886A2002FC34B /* PhotoviewTests.swift */ = {isa = PBXFileReference; lastKnownFileType = sourcecode.swift; path = PhotoviewTests.swift; sourceTree = "<group>"; };
		343EE59C26A886A2002FC34B /* Info.plist */ = {isa = PBXFileReference; lastKnownFileType = text.plist.xml; path = Info.plist; sourceTree = "<group>"; };
		343EE5A126A886A2002FC34B /* PhotoviewUITests.xctest */ = {isa = PBXFileReference; explicitFileType = wrapper.cfbundle; includeInIndex = 0; path = PhotoviewUITests.xctest; sourceTree = BUILT_PRODUCTS_DIR; };
		343EE5A526A886A2002FC34B /* PhotoviewUITests.swift */ = {isa = PBXFileReference; lastKnownFileType = sourcecode.swift; path = PhotoviewUITests.swift; sourceTree = "<group>"; };
		343EE5A726A886A2002FC34B /* Info.plist */ = {isa = PBXFileReference; lastKnownFileType = text.plist.xml; path = Info.plist; sourceTree = "<group>"; };
		3470512C26AEB2DD007ECB91 /* FullScreenGalleryView.swift */ = {isa = PBXFileReference; lastKnownFileType = sourcecode.swift; path = FullScreenGalleryView.swift; sourceTree = "<group>"; };
		3470512E26AEBEAD007ECB91 /* View+if.swift */ = {isa = PBXFileReference; lastKnownFileType = sourcecode.swift; path = "View+if.swift"; sourceTree = "<group>"; };
		3472012C26A88EAE00293C9D /* schema.json */ = {isa = PBXFileReference; fileEncoding = 4; lastKnownFileType = text.json; path = schema.json; sourceTree = "<group>"; };
		348268C426A88FE9006A7D64 /* InitialSetupQuery.graphql */ = {isa = PBXFileReference; lastKnownFileType = text; path = InitialSetupQuery.graphql; sourceTree = "<group>"; };
		348268C626A89030006A7D64 /* API.swift */ = {isa = PBXFileReference; fileEncoding = 4; lastKnownFileType = sourcecode.swift; path = API.swift; sourceTree = "<group>"; };
		348268CA26A890F3006A7D64 /* WelcomeScreen.swift */ = {isa = PBXFileReference; lastKnownFileType = sourcecode.swift; path = WelcomeScreen.swift; sourceTree = "<group>"; };
		348268CF26A89801006A7D64 /* CredentialsModel.swift */ = {isa = PBXFileReference; lastKnownFileType = sourcecode.swift; path = CredentialsModel.swift; sourceTree = "<group>"; };
		348268D126A8A2F4006A7D64 /* PrimaryButtonStyle.swift */ = {isa = PBXFileReference; lastKnownFileType = sourcecode.swift; path = PrimaryButtonStyle.swift; sourceTree = "<group>"; };
		348268D526A8B093006A7D64 /* AuthenticationQueries.graphql */ = {isa = PBXFileReference; lastKnownFileType = text; path = AuthenticationQueries.graphql; sourceTree = "<group>"; };
		348268D726A8B243006A7D64 /* Network.swift */ = {isa = PBXFileReference; lastKnownFileType = sourcecode.swift; path = Network.swift; sourceTree = "<group>"; };
		348268DC26A8CEC4006A7D64 /* Network+Authentication.swift */ = {isa = PBXFileReference; lastKnownFileType = sourcecode.swift; path = "Network+Authentication.swift"; sourceTree = "<group>"; };
		348268DF26AC3D86006A7D64 /* AppView.swift */ = {isa = PBXFileReference; lastKnownFileType = sourcecode.swift; path = AppView.swift; sourceTree = "<group>"; };
		348268E626AC3E0F006A7D64 /* AlbumsScreen.swift */ = {isa = PBXFileReference; lastKnownFileType = sourcecode.swift; path = AlbumsScreen.swift; sourceTree = "<group>"; };
		348268E826AC3E18006A7D64 /* TimelineScreen.swift */ = {isa = PBXFileReference; lastKnownFileType = sourcecode.swift; path = TimelineScreen.swift; sourceTree = "<group>"; };
		348268EA26AC3E1F006A7D64 /* PlacesScreen.swift */ = {isa = PBXFileReference; lastKnownFileType = sourcecode.swift; path = PlacesScreen.swift; sourceTree = "<group>"; };
		348268EC26AC3E26006A7D64 /* PeopleScreen.swift */ = {isa = PBXFileReference; lastKnownFileType = sourcecode.swift; path = PeopleScreen.swift; sourceTree = "<group>"; };
		348268EE26AC3E33006A7D64 /* SettingsView.swift */ = {isa = PBXFileReference; lastKnownFileType = sourcecode.swift; path = SettingsView.swift; sourceTree = "<group>"; };
		348268F026AC4234006A7D64 /* AlbumView.swift */ = {isa = PBXFileReference; lastKnownFileType = sourcecode.swift; path = AlbumView.swift; sourceTree = "<group>"; };
		348268F226AC4270006A7D64 /* Albums.graphql */ = {isa = PBXFileReference; lastKnownFileType = text; path = Albums.graphql; sourceTree = "<group>"; };
		348268F426AC4A0A006A7D64 /* AlbumThumbnailView.swift */ = {isa = PBXFileReference; lastKnownFileType = sourcecode.swift; path = AlbumThumbnailView.swift; sourceTree = "<group>"; };
		348268F626AC4A7A006A7D64 /* ProtectedImageView.swift */ = {isa = PBXFileReference; lastKnownFileType = sourcecode.swift; path = ProtectedImageView.swift; sourceTree = "<group>"; };
		348268F826AC73BA006A7D64 /* MediaThumbnailView.swift */ = {isa = PBXFileReference; lastKnownFileType = sourcecode.swift; path = MediaThumbnailView.swift; sourceTree = "<group>"; };
		348268FD26AD709F006A7D64 /* MediaDetailsView.swift */ = {isa = PBXFileReference; lastKnownFileType = sourcecode.swift; path = MediaDetailsView.swift; sourceTree = "<group>"; };
		3482690026AD72BE006A7D64 /* MediaDetails.graphql */ = {isa = PBXFileReference; lastKnownFileType = text; path = MediaDetails.graphql; sourceTree = "<group>"; };
		3482690326AD9129006A7D64 /* ExifDetailsView.swift */ = {isa = PBXFileReference; lastKnownFileType = sourcecode.swift; path = ExifDetailsView.swift; sourceTree = "<group>"; };
		3482690526ADABF6006A7D64 /* DownloadDetailsView.swift */ = {isa = PBXFileReference; lastKnownFileType = sourcecode.swift; path = DownloadDetailsView.swift; sourceTree = "<group>"; };
		3482690726ADAD6B006A7D64 /* ShareSheet.swift */ = {isa = PBXFileReference; lastKnownFileType = sourcecode.swift; path = ShareSheet.swift; sourceTree = "<group>"; };
		3482690926ADB56D006A7D64 /* ShareDetailsView.swift */ = {isa = PBXFileReference; lastKnownFileType = sourcecode.swift; path = ShareDetailsView.swift; sourceTree = "<group>"; };
		3482690B26ADBFF5006A7D64 /* ThumbnailDetailsView.swift */ = {isa = PBXFileReference; lastKnownFileType = sourcecode.swift; path = ThumbnailDetailsView.swift; sourceTree = "<group>"; };
		34A72B7026B17D7D003127B1 /* ClusterDetailsView.swift */ = {isa = PBXFileReference; lastKnownFileType = sourcecode.swift; path = ClusterDetailsView.swift; sourceTree = "<group>"; };
		34A72B7226B17F69003127B1 /* MediaGrid.swift */ = {isa = PBXFileReference; lastKnownFileType = sourcecode.swift; path = MediaGrid.swift; sourceTree = "<group>"; };
		34A72B7426B17FC7003127B1 /* AlbumGrid.swift */ = {isa = PBXFileReference; lastKnownFileType = sourcecode.swift; path = AlbumGrid.swift; sourceTree = "<group>"; };
		34A72B7726B185EC003127B1 /* Apollo+GraphqlID.swift */ = {isa = PBXFileReference; lastKnownFileType = sourcecode.swift; path = "Apollo+GraphqlID.swift"; sourceTree = "<group>"; };
		34A72B7926B1921D003127B1 /* Mapkit+Equatable.swift */ = {isa = PBXFileReference; lastKnownFileType = sourcecode.swift; path = "Mapkit+Equatable.swift"; sourceTree = "<group>"; };
		34A72B7B26B2B261003127B1 /* People.graphql */ = {isa = PBXFileReference; lastKnownFileType = text; path = People.graphql; sourceTree = "<group>"; };
		34A72B7F26B2B4D3003127B1 /* FaceThumbnailView.swift */ = {isa = PBXFileReference; lastKnownFileType = sourcecode.swift; path = FaceThumbnailView.swift; sourceTree = "<group>"; };
		34A72B8126B2B6F7003127B1 /* FaceGrid.swift */ = {isa = PBXFileReference; lastKnownFileType = sourcecode.swift; path = FaceGrid.swift; sourceTree = "<group>"; };
		34A72B8426B2C639003127B1 /* PersonView.swift */ = {isa = PBXFileReference; lastKnownFileType = sourcecode.swift; path = PersonView.swift; sourceTree = "<group>"; };
		34CB716B2724545D0089425D /* Apollo+Async.swift */ = {isa = PBXFileReference; lastKnownFileType = sourcecode.swift; path = "Apollo+Async.swift"; sourceTree = "<group>"; };
		34F3EE7027AD56110082624D /* BlurHash+UIImage.swift */ = {isa = PBXFileReference; lastKnownFileType = sourcecode.swift; path = "BlurHash+UIImage.swift"; sourceTree = "<group>"; };
		34F3EE7227AD854A0082624D /* ProtectedVideoView.swift */ = {isa = PBXFileReference; lastKnownFileType = sourcecode.swift; path = ProtectedVideoView.swift; sourceTree = "<group>"; };
		34F3EE7427AD8ECE0082624D /* ProtectedMediaView.swift */ = {isa = PBXFileReference; lastKnownFileType = sourcecode.swift; path = ProtectedMediaView.swift; sourceTree = "<group>"; };
		34F9C42D26CECC6900D2D3A5 /* Timeline.graphql */ = {isa = PBXFileReference; lastKnownFileType = text; path = Timeline.graphql; sourceTree = "<group>"; };
		34F9C42F26CECE7000D2D3A5 /* TimelineView.swift */ = {isa = PBXFileReference; lastKnownFileType = sourcecode.swift; path = TimelineView.swift; sourceTree = "<group>"; };
		34FF397F27BFEEE300321C10 /* SearchResultsOverlay.swift */ = {isa = PBXFileReference; lastKnownFileType = sourcecode.swift; path = SearchResultsOverlay.swift; sourceTree = "<group>"; };
		34FF398127BFF26200321C10 /* MediaSearchQuery.graphql */ = {isa = PBXFileReference; lastKnownFileType = text; path = MediaSearchQuery.graphql; sourceTree = "<group>"; };
		34FF398327C13C8600321C10 /* UIDevice+deviceType.swift */ = {isa = PBXFileReference; lastKnownFileType = sourcecode.swift; path = "UIDevice+deviceType.swift"; sourceTree = "<group>"; };
		34FF398527C13DB600321C10 /* MediaSidebarView.swift */ = {isa = PBXFileReference; lastKnownFileType = sourcecode.swift; path = MediaSidebarView.swift; sourceTree = "<group>"; };
		34FF398927C1998100321C10 /* TimelineState.swift */ = {isa = PBXFileReference; lastKnownFileType = sourcecode.swift; path = TimelineState.swift; sourceTree = "<group>"; };
/* End PBXFileReference section */

/* Begin PBXFrameworksBuildPhase section */
		343EE58226A8869F002FC34B /* Frameworks */ = {
			isa = PBXFrameworksBuildPhase;
			buildActionMask = 2147483647;
			files = (
				348268DB26A8CEB7006A7D64 /* KeychainSwift in Frameworks */,
				34C52F6926A88D4E005ED502 /* Apollo in Frameworks */,
			);
			runOnlyForDeploymentPostprocessing = 0;
		};
		343EE59326A886A2002FC34B /* Frameworks */ = {
			isa = PBXFrameworksBuildPhase;
			buildActionMask = 2147483647;
			files = (
			);
			runOnlyForDeploymentPostprocessing = 0;
		};
		343EE59E26A886A2002FC34B /* Frameworks */ = {
			isa = PBXFrameworksBuildPhase;
			buildActionMask = 2147483647;
			files = (
			);
			runOnlyForDeploymentPostprocessing = 0;
		};
/* End PBXFrameworksBuildPhase section */

/* Begin PBXGroup section */
		343EE57C26A8869F002FC34B = {
			isa = PBXGroup;
			children = (
				343EE58726A8869F002FC34B /* Photoview */,
				343EE59926A886A2002FC34B /* PhotoviewTests */,
				343EE5A426A886A2002FC34B /* PhotoviewUITests */,
				343EE58626A8869F002FC34B /* Products */,
			);
			sourceTree = "<group>";
		};
		343EE58626A8869F002FC34B /* Products */ = {
			isa = PBXGroup;
			children = (
				343EE58526A8869F002FC34B /* Photoview.app */,
				343EE59626A886A2002FC34B /* PhotoviewTests.xctest */,
				343EE5A126A886A2002FC34B /* PhotoviewUITests.xctest */,
			);
			name = Products;
			sourceTree = "<group>";
		};
		343EE58726A8869F002FC34B /* Photoview */ = {
			isa = PBXGroup;
			children = (
				34A72B7626B185D5003127B1 /* Extensions */,
				34FF397E27BFEEC000321C10 /* Modifiers */,
				348268FF26AD729A006A7D64 /* Views */,
				348268C826A890C8006A7D64 /* Screens */,
				348268C626A89030006A7D64 /* API.swift */,
				342E892026AEE94C0094378B /* API+CustomScalars.swift */,
				34CB716B2724545D0089425D /* Apollo+Async.swift */,
				3472012C26A88EAE00293C9D /* schema.json */,
				343EE58826A8869F002FC34B /* PhotoviewApp.swift */,
				343EE58C26A886A2002FC34B /* Assets.xcassets */,
				343EE59126A886A2002FC34B /* Info.plist */,
				343EE58E26A886A2002FC34B /* Preview Content */,
				348268C426A88FE9006A7D64 /* InitialSetupQuery.graphql */,
				348268D726A8B243006A7D64 /* Network.swift */,
				348268DC26A8CEC4006A7D64 /* Network+Authentication.swift */,
				3482690726ADAD6B006A7D64 /* ShareSheet.swift */,
				34FF398127BFF26200321C10 /* MediaSearchQuery.graphql */,
			);
			path = Photoview;
			sourceTree = "<group>";
		};
		343EE58E26A886A2002FC34B /* Preview Content */ = {
			isa = PBXGroup;
			children = (
				343EE58F26A886A2002FC34B /* Preview Assets.xcassets */,
			);
			path = "Preview Content";
			sourceTree = "<group>";
		};
		343EE59926A886A2002FC34B /* PhotoviewTests */ = {
			isa = PBXGroup;
			children = (
				343EE59A26A886A2002FC34B /* PhotoviewTests.swift */,
				343EE59C26A886A2002FC34B /* Info.plist */,
			);
			path = PhotoviewTests;
			sourceTree = "<group>";
		};
		343EE5A426A886A2002FC34B /* PhotoviewUITests */ = {
			isa = PBXGroup;
			children = (
				343EE5A526A886A2002FC34B /* PhotoviewUITests.swift */,
				343EE5A726A886A2002FC34B /* Info.plist */,
			);
			path = PhotoviewUITests;
			sourceTree = "<group>";
		};
		348268C826A890C8006A7D64 /* Screens */ = {
			isa = PBXGroup;
			children = (
				348268E526AC3E03006A7D64 /* Settings */,
				348268E426AC3DFC006A7D64 /* People */,
				348268E326AC3DF8006A7D64 /* Places */,
				348268E226AC3DED006A7D64 /* Timeline */,
				348268E126AC3DDA006A7D64 /* Albums */,
				348268DE26AC3D64006A7D64 /* App */,
				348268C926A890DF006A7D64 /* Welcome */,
			);
			path = Screens;
			sourceTree = "<group>";
		};
		348268C926A890DF006A7D64 /* Welcome */ = {
			isa = PBXGroup;
			children = (
				348268CA26A890F3006A7D64 /* WelcomeScreen.swift */,
				348268D526A8B093006A7D64 /* AuthenticationQueries.graphql */,
				348268CF26A89801006A7D64 /* CredentialsModel.swift */,
				348268D126A8A2F4006A7D64 /* PrimaryButtonStyle.swift */,
			);
			path = Welcome;
			sourceTree = "<group>";
		};
		348268DE26AC3D64006A7D64 /* App */ = {
			isa = PBXGroup;
			children = (
				348268DF26AC3D86006A7D64 /* AppView.swift */,
			);
			path = App;
			sourceTree = "<group>";
		};
		348268E126AC3DDA006A7D64 /* Albums */ = {
			isa = PBXGroup;
			children = (
				348268E626AC3E0F006A7D64 /* AlbumsScreen.swift */,
				348268F226AC4270006A7D64 /* Albums.graphql */,
				348268F026AC4234006A7D64 /* AlbumView.swift */,
			);
			path = Albums;
			sourceTree = "<group>";
		};
		348268E226AC3DED006A7D64 /* Timeline */ = {
			isa = PBXGroup;
			children = (
				348268E826AC3E18006A7D64 /* TimelineScreen.swift */,
				34F9C42D26CECC6900D2D3A5 /* Timeline.graphql */,
				34F9C42F26CECE7000D2D3A5 /* TimelineView.swift */,
				34FF398927C1998100321C10 /* TimelineState.swift */,
			);
			path = Timeline;
			sourceTree = "<group>";
		};
		348268E326AC3DF8006A7D64 /* Places */ = {
			isa = PBXGroup;
			children = (
				348268EA26AC3E1F006A7D64 /* PlacesScreen.swift */,
				342E891E26AEE4F80094378B /* Places.graphql */,
				342E892226AEF3C10094378B /* PlacesMapView.swift */,
				342E892426AF02410094378B /* PlacesImageAnnotationView.swift */,
				342E892626AF03B70094378B /* PlacesImageAnnotation.swift */,
				34A72B7026B17D7D003127B1 /* ClusterDetailsView.swift */,
			);
			path = Places;
			sourceTree = "<group>";
		};
		348268E426AC3DFC006A7D64 /* People */ = {
			isa = PBXGroup;
			children = (
				348268EC26AC3E26006A7D64 /* PeopleScreen.swift */,
				34A72B7B26B2B261003127B1 /* People.graphql */,
				34A72B8426B2C639003127B1 /* PersonView.swift */,
			);
			path = People;
			sourceTree = "<group>";
		};
		348268E526AC3E03006A7D64 /* Settings */ = {
			isa = PBXGroup;
			children = (
				348268EE26AC3E33006A7D64 /* SettingsView.swift */,
			);
			path = Settings;
			sourceTree = "<group>";
		};
		348268FF26AD729A006A7D64 /* Views */ = {
			isa = PBXGroup;
			children = (
				3482690226AD910C006A7D64 /* MediaDetails */,
				348268F626AC4A7A006A7D64 /* ProtectedImageView.swift */,
				34F3EE7227AD854A0082624D /* ProtectedVideoView.swift */,
				34F3EE7427AD8ECE0082624D /* ProtectedMediaView.swift */,
				34A72B7226B17F69003127B1 /* MediaGrid.swift */,
				348268F826AC73BA006A7D64 /* MediaThumbnailView.swift */,
				34A72B7426B17FC7003127B1 /* AlbumGrid.swift */,
				348268F426AC4A0A006A7D64 /* AlbumThumbnailView.swift */,
				34A72B8126B2B6F7003127B1 /* FaceGrid.swift */,
				34A72B7F26B2B4D3003127B1 /* FaceThumbnailView.swift */,
				34FF397F27BFEEE300321C10 /* SearchResultsOverlay.swift */,
				34FF398527C13DB600321C10 /* MediaSidebarView.swift */,
			);
			path = Views;
			sourceTree = "<group>";
		};
		3482690226AD910C006A7D64 /* MediaDetails */ = {
			isa = PBXGroup;
			children = (
				348268FD26AD709F006A7D64 /* MediaDetailsView.swift */,
				3482690026AD72BE006A7D64 /* MediaDetails.graphql */,
				3482690326AD9129006A7D64 /* ExifDetailsView.swift */,
				3482690526ADABF6006A7D64 /* DownloadDetailsView.swift */,
				3482690926ADB56D006A7D64 /* ShareDetailsView.swift */,
				3482690B26ADBFF5006A7D64 /* ThumbnailDetailsView.swift */,
				3470512C26AEB2DD007ECB91 /* FullScreenGalleryView.swift */,
			);
			path = MediaDetails;
			sourceTree = "<group>";
		};
		34A72B7626B185D5003127B1 /* Extensions */ = {
			isa = PBXGroup;
			children = (
				3470512E26AEBEAD007ECB91 /* View+if.swift */,
				34A72B7726B185EC003127B1 /* Apollo+GraphqlID.swift */,
				34A72B7926B1921D003127B1 /* Mapkit+Equatable.swift */,
				34F3EE7027AD56110082624D /* BlurHash+UIImage.swift */,
				34FF398327C13C8600321C10 /* UIDevice+deviceType.swift */,
			);
			path = Extensions;
			sourceTree = "<group>";
		};
		34FF397E27BFEEC000321C10 /* Modifiers */ = {
			isa = PBXGroup;
			children = (
			);
			path = Modifiers;
			sourceTree = "<group>";
		};
/* End PBXGroup section */

/* Begin PBXNativeTarget section */
		343EE58426A8869F002FC34B /* Photoview */ = {
			isa = PBXNativeTarget;
			buildConfigurationList = 343EE5AA26A886A2002FC34B /* Build configuration list for PBXNativeTarget "Photoview" */;
			buildPhases = (
				348268C326A88F64006A7D64 /* Generate Apollo GraphQL API */,
				343EE58126A8869F002FC34B /* Sources */,
				343EE58226A8869F002FC34B /* Frameworks */,
				343EE58326A8869F002FC34B /* Resources */,
			);
			buildRules = (
			);
			dependencies = (
			);
			name = Photoview;
			packageProductDependencies = (
				34C52F6826A88D4E005ED502 /* Apollo */,
				348268DA26A8CEB7006A7D64 /* KeychainSwift */,
			);
			productName = Photoview;
			productReference = 343EE58526A8869F002FC34B /* Photoview.app */;
			productType = "com.apple.product-type.application";
		};
		343EE59526A886A2002FC34B /* PhotoviewTests */ = {
			isa = PBXNativeTarget;
			buildConfigurationList = 343EE5AD26A886A2002FC34B /* Build configuration list for PBXNativeTarget "PhotoviewTests" */;
			buildPhases = (
				343EE59226A886A2002FC34B /* Sources */,
				343EE59326A886A2002FC34B /* Frameworks */,
				343EE59426A886A2002FC34B /* Resources */,
			);
			buildRules = (
			);
			dependencies = (
				343EE59826A886A2002FC34B /* PBXTargetDependency */,
			);
			name = PhotoviewTests;
			productName = PhotoviewTests;
			productReference = 343EE59626A886A2002FC34B /* PhotoviewTests.xctest */;
			productType = "com.apple.product-type.bundle.unit-test";
		};
		343EE5A026A886A2002FC34B /* PhotoviewUITests */ = {
			isa = PBXNativeTarget;
			buildConfigurationList = 343EE5B026A886A2002FC34B /* Build configuration list for PBXNativeTarget "PhotoviewUITests" */;
			buildPhases = (
				343EE59D26A886A2002FC34B /* Sources */,
				343EE59E26A886A2002FC34B /* Frameworks */,
				343EE59F26A886A2002FC34B /* Resources */,
			);
			buildRules = (
			);
			dependencies = (
				343EE5A326A886A2002FC34B /* PBXTargetDependency */,
			);
			name = PhotoviewUITests;
			productName = PhotoviewUITests;
			productReference = 343EE5A126A886A2002FC34B /* PhotoviewUITests.xctest */;
			productType = "com.apple.product-type.bundle.ui-testing";
		};
/* End PBXNativeTarget section */

/* Begin PBXProject section */
		343EE57D26A8869F002FC34B /* Project object */ = {
			isa = PBXProject;
			attributes = {
				LastSwiftUpdateCheck = 1250;
				LastUpgradeCheck = 1250;
				TargetAttributes = {
					343EE58426A8869F002FC34B = {
						CreatedOnToolsVersion = 12.5.1;
					};
					343EE59526A886A2002FC34B = {
						CreatedOnToolsVersion = 12.5.1;
						TestTargetID = 343EE58426A8869F002FC34B;
					};
					343EE5A026A886A2002FC34B = {
						CreatedOnToolsVersion = 12.5.1;
						TestTargetID = 343EE58426A8869F002FC34B;
					};
				};
			};
			buildConfigurationList = 343EE58026A8869F002FC34B /* Build configuration list for PBXProject "Photoview" */;
			compatibilityVersion = "Xcode 9.3";
			developmentRegion = en;
			hasScannedForEncodings = 0;
			knownRegions = (
				en,
				Base,
			);
			mainGroup = 343EE57C26A8869F002FC34B;
			packageReferences = (
				34C52F6726A88D4E005ED502 /* XCRemoteSwiftPackageReference "apollo-ios" */,
				348268D926A8CEB7006A7D64 /* XCRemoteSwiftPackageReference "keychain-swift" */,
			);
			productRefGroup = 343EE58626A8869F002FC34B /* Products */;
			projectDirPath = "";
			projectRoot = "";
			targets = (
				343EE58426A8869F002FC34B /* Photoview */,
				343EE59526A886A2002FC34B /* PhotoviewTests */,
				343EE5A026A886A2002FC34B /* PhotoviewUITests */,
			);
		};
/* End PBXProject section */

/* Begin PBXResourcesBuildPhase section */
		343EE58326A8869F002FC34B /* Resources */ = {
			isa = PBXResourcesBuildPhase;
			buildActionMask = 2147483647;
			files = (
				3482690126AD72BE006A7D64 /* MediaDetails.graphql in Resources */,
				348268D626A8B093006A7D64 /* AuthenticationQueries.graphql in Resources */,
				348268F326AC4270006A7D64 /* Albums.graphql in Resources */,
				342E891F26AEE4F80094378B /* Places.graphql in Resources */,
				343EE59026A886A2002FC34B /* Preview Assets.xcassets in Resources */,
				34A72B7C26B2B262003127B1 /* People.graphql in Resources */,
				3472012D26A88EAE00293C9D /* schema.json in Resources */,
				343EE58D26A886A2002FC34B /* Assets.xcassets in Resources */,
				34FF398227BFF26200321C10 /* MediaSearchQuery.graphql in Resources */,
				34F9C42E26CECC6900D2D3A5 /* Timeline.graphql in Resources */,
				348268C526A88FE9006A7D64 /* InitialSetupQuery.graphql in Resources */,
			);
			runOnlyForDeploymentPostprocessing = 0;
		};
		343EE59426A886A2002FC34B /* Resources */ = {
			isa = PBXResourcesBuildPhase;
			buildActionMask = 2147483647;
			files = (
			);
			runOnlyForDeploymentPostprocessing = 0;
		};
		343EE59F26A886A2002FC34B /* Resources */ = {
			isa = PBXResourcesBuildPhase;
			buildActionMask = 2147483647;
			files = (
			);
			runOnlyForDeploymentPostprocessing = 0;
		};
/* End PBXResourcesBuildPhase section */

/* Begin PBXShellScriptBuildPhase section */
		348268C326A88F64006A7D64 /* Generate Apollo GraphQL API */ = {
			isa = PBXShellScriptBuildPhase;
			buildActionMask = 2147483647;
			files = (
			);
			inputFileListPaths = (
			);
			inputPaths = (
				"$(SRCROOT)/Photoview/**/*.graphql",
			);
			name = "Generate Apollo GraphQL API";
			outputFileListPaths = (
			);
			outputPaths = (
				"$(SRCROOT)/Photoview/API.swift",
			);
			runOnlyForDeploymentPostprocessing = 0;
			shellPath = /bin/sh;
			shellScript = "# Archiving fails without this check\nif [ $ACTION = \"indexbuild\" ]; then exit 0; fi\n\n# Go to the build root and search up the chain to find the Derived Data Path where the source packages are checked out.\nDERIVED_DATA_CANDIDATE=\"${BUILD_ROOT}\"\n\nwhile ! [ -d \"${DERIVED_DATA_CANDIDATE}/SourcePackages\" ]; do\n  if [ \"${DERIVED_DATA_CANDIDATE}\" = / ]; then\n    echo >&2 \"error: Unable to locate SourcePackages directory from BUILD_ROOT: '${BUILD_ROOT}'\"\n    exit 1\n  fi\n\n  DERIVED_DATA_CANDIDATE=\"$(dirname \"${DERIVED_DATA_CANDIDATE}\")\"\ndone\n\n# Grab a reference to the directory where scripts are checked out\nSCRIPT_PATH=\"${DERIVED_DATA_CANDIDATE}/SourcePackages/checkouts/apollo-ios/scripts\"\n\nif [ -z \"${SCRIPT_PATH}\" ]; then\n    echo >&2 \"error: Couldn't find the CLI script in your checked out SPM packages; make sure to add the framework to your project.\"\n    exit 1\nfi\n\ncd \"${SRCROOT}/${TARGET_NAME}\"\n\"${SCRIPT_PATH}\"/run-bundled-codegen.sh codegen:generate --target=swift --includes=./**/*.graphql --localSchemaFile=\"schema.json\" --passthroughCustomScalars API.swift\n\n";
		};
/* End PBXShellScriptBuildPhase section */

/* Begin PBXSourcesBuildPhase section */
		343EE58126A8869F002FC34B /* Sources */ = {
			isa = PBXSourcesBuildPhase;
			buildActionMask = 2147483647;
			files = (
				34A72B7326B17F69003127B1 /* MediaGrid.swift in Sources */,
				34A72B7526B17FC7003127B1 /* AlbumGrid.swift in Sources */,
				34A72B7A26B1921D003127B1 /* Mapkit+Equatable.swift in Sources */,
				348268D026A89801006A7D64 /* CredentialsModel.swift in Sources */,
				34A72B8526B2C639003127B1 /* PersonView.swift in Sources */,
				348268CB26A890F3006A7D64 /* WelcomeScreen.swift in Sources */,
				34F3EE7127AD56110082624D /* BlurHash+UIImage.swift in Sources */,
				34F3EE7327AD854A0082624D /* ProtectedVideoView.swift in Sources */,
				348268D226A8A2F4006A7D64 /* PrimaryButtonStyle.swift in Sources */,
				348268EB26AC3E1F006A7D64 /* PlacesScreen.swift in Sources */,
				34FF398A27C1998100321C10 /* TimelineState.swift in Sources */,
				34F3EE7527AD8ECE0082624D /* ProtectedMediaView.swift in Sources */,
				3470512D26AEB2DD007ECB91 /* FullScreenGalleryView.swift in Sources */,
				348268F526AC4A0A006A7D64 /* AlbumThumbnailView.swift in Sources */,
				34FF398027BFEEE300321C10 /* SearchResultsOverlay.swift in Sources */,
				3482690626ADABF6006A7D64 /* DownloadDetailsView.swift in Sources */,
				34A72B8226B2B6F7003127B1 /* FaceGrid.swift in Sources */,
				342E892126AEE94C0094378B /* API+CustomScalars.swift in Sources */,
				34F9C43026CECE7000D2D3A5 /* TimelineView.swift in Sources */,
				348268E926AC3E18006A7D64 /* TimelineScreen.swift in Sources */,
				342E892326AEF3C10094378B /* PlacesMapView.swift in Sources */,
				348268E726AC3E0F006A7D64 /* AlbumsScreen.swift in Sources */,
				348268C726A89030006A7D64 /* API.swift in Sources */,
				34A72B7126B17D7D003127B1 /* ClusterDetailsView.swift in Sources */,
				34FF398427C13C8600321C10 /* UIDevice+deviceType.swift in Sources */,
				3482690426AD9129006A7D64 /* ExifDetailsView.swift in Sources */,
				348268E026AC3D86006A7D64 /* AppView.swift in Sources */,
				348268D826A8B243006A7D64 /* Network.swift in Sources */,
				348268FE26AD709F006A7D64 /* MediaDetailsView.swift in Sources */,
				3482690826ADAD6B006A7D64 /* ShareSheet.swift in Sources */,
				348268F926AC73BA006A7D64 /* MediaThumbnailView.swift in Sources */,
				348268DD26A8CEC4006A7D64 /* Network+Authentication.swift in Sources */,
				342E892526AF02410094378B /* PlacesImageAnnotationView.swift in Sources */,
				34FF398627C13DB600321C10 /* MediaSidebarView.swift in Sources */,
				342E892726AF03B70094378B /* PlacesImageAnnotation.swift in Sources */,
				348268F726AC4A7A006A7D64 /* ProtectedImageView.swift in Sources */,
				34CB716C2724545D0089425D /* Apollo+Async.swift in Sources */,
				348268F126AC4234006A7D64 /* AlbumView.swift in Sources */,
				34A72B8026B2B4D3003127B1 /* FaceThumbnailView.swift in Sources */,
				3482690C26ADBFF5006A7D64 /* ThumbnailDetailsView.swift in Sources */,
				343EE58926A8869F002FC34B /* PhotoviewApp.swift in Sources */,
				3470512F26AEBEAD007ECB91 /* View+if.swift in Sources */,
				3482690A26ADB56D006A7D64 /* ShareDetailsView.swift in Sources */,
				348268ED26AC3E26006A7D64 /* PeopleScreen.swift in Sources */,
				348268EF26AC3E33006A7D64 /* SettingsView.swift in Sources */,
				34A72B7826B185EC003127B1 /* Apollo+GraphqlID.swift in Sources */,
			);
			runOnlyForDeploymentPostprocessing = 0;
		};
		343EE59226A886A2002FC34B /* Sources */ = {
			isa = PBXSourcesBuildPhase;
			buildActionMask = 2147483647;
			files = (
				343EE59B26A886A2002FC34B /* PhotoviewTests.swift in Sources */,
			);
			runOnlyForDeploymentPostprocessing = 0;
		};
		343EE59D26A886A2002FC34B /* Sources */ = {
			isa = PBXSourcesBuildPhase;
			buildActionMask = 2147483647;
			files = (
				343EE5A626A886A2002FC34B /* PhotoviewUITests.swift in Sources */,
			);
			runOnlyForDeploymentPostprocessing = 0;
		};
/* End PBXSourcesBuildPhase section */

/* Begin PBXTargetDependency section */
		343EE59826A886A2002FC34B /* PBXTargetDependency */ = {
			isa = PBXTargetDependency;
			target = 343EE58426A8869F002FC34B /* Photoview */;
			targetProxy = 343EE59726A886A2002FC34B /* PBXContainerItemProxy */;
		};
		343EE5A326A886A2002FC34B /* PBXTargetDependency */ = {
			isa = PBXTargetDependency;
			target = 343EE58426A8869F002FC34B /* Photoview */;
			targetProxy = 343EE5A226A886A2002FC34B /* PBXContainerItemProxy */;
		};
/* End PBXTargetDependency section */

/* Begin XCBuildConfiguration section */
		343EE5A826A886A2002FC34B /* Debug */ = {
			isa = XCBuildConfiguration;
			buildSettings = {
				ALWAYS_SEARCH_USER_PATHS = NO;
				CLANG_ANALYZER_NONNULL = YES;
				CLANG_ANALYZER_NUMBER_OBJECT_CONVERSION = YES_AGGRESSIVE;
				CLANG_CXX_LANGUAGE_STANDARD = "gnu++14";
				CLANG_CXX_LIBRARY = "libc++";
				CLANG_ENABLE_MODULES = YES;
				CLANG_ENABLE_OBJC_ARC = YES;
				CLANG_ENABLE_OBJC_WEAK = YES;
				CLANG_WARN_BLOCK_CAPTURE_AUTORELEASING = YES;
				CLANG_WARN_BOOL_CONVERSION = YES;
				CLANG_WARN_COMMA = YES;
				CLANG_WARN_CONSTANT_CONVERSION = YES;
				CLANG_WARN_DEPRECATED_OBJC_IMPLEMENTATIONS = YES;
				CLANG_WARN_DIRECT_OBJC_ISA_USAGE = YES_ERROR;
				CLANG_WARN_DOCUMENTATION_COMMENTS = YES;
				CLANG_WARN_EMPTY_BODY = YES;
				CLANG_WARN_ENUM_CONVERSION = YES;
				CLANG_WARN_INFINITE_RECURSION = YES;
				CLANG_WARN_INT_CONVERSION = YES;
				CLANG_WARN_NON_LITERAL_NULL_CONVERSION = YES;
				CLANG_WARN_OBJC_IMPLICIT_RETAIN_SELF = YES;
				CLANG_WARN_OBJC_LITERAL_CONVERSION = YES;
				CLANG_WARN_OBJC_ROOT_CLASS = YES_ERROR;
				CLANG_WARN_QUOTED_INCLUDE_IN_FRAMEWORK_HEADER = YES;
				CLANG_WARN_RANGE_LOOP_ANALYSIS = YES;
				CLANG_WARN_STRICT_PROTOTYPES = YES;
				CLANG_WARN_SUSPICIOUS_MOVE = YES;
				CLANG_WARN_UNGUARDED_AVAILABILITY = YES_AGGRESSIVE;
				CLANG_WARN_UNREACHABLE_CODE = YES;
				CLANG_WARN__DUPLICATE_METHOD_MATCH = YES;
				COPY_PHASE_STRIP = NO;
				DEBUG_INFORMATION_FORMAT = dwarf;
				ENABLE_STRICT_OBJC_MSGSEND = YES;
				ENABLE_TESTABILITY = YES;
				GCC_C_LANGUAGE_STANDARD = gnu11;
				GCC_DYNAMIC_NO_PIC = NO;
				GCC_NO_COMMON_BLOCKS = YES;
				GCC_OPTIMIZATION_LEVEL = 0;
				GCC_PREPROCESSOR_DEFINITIONS = (
					"DEBUG=1",
					"$(inherited)",
				);
				GCC_WARN_64_TO_32_BIT_CONVERSION = YES;
				GCC_WARN_ABOUT_RETURN_TYPE = YES_ERROR;
				GCC_WARN_UNDECLARED_SELECTOR = YES;
				GCC_WARN_UNINITIALIZED_AUTOS = YES_AGGRESSIVE;
				GCC_WARN_UNUSED_FUNCTION = YES;
				GCC_WARN_UNUSED_VARIABLE = YES;
				IPHONEOS_DEPLOYMENT_TARGET = 15.2;
				MTL_ENABLE_DEBUG_INFO = INCLUDE_SOURCE;
				MTL_FAST_MATH = YES;
				ONLY_ACTIVE_ARCH = YES;
				SDKROOT = iphoneos;
				SWIFT_ACTIVE_COMPILATION_CONDITIONS = DEBUG;
				SWIFT_OPTIMIZATION_LEVEL = "-Onone";
			};
			name = Debug;
		};
		343EE5A926A886A2002FC34B /* Release */ = {
			isa = XCBuildConfiguration;
			buildSettings = {
				ALWAYS_SEARCH_USER_PATHS = NO;
				CLANG_ANALYZER_NONNULL = YES;
				CLANG_ANALYZER_NUMBER_OBJECT_CONVERSION = YES_AGGRESSIVE;
				CLANG_CXX_LANGUAGE_STANDARD = "gnu++14";
				CLANG_CXX_LIBRARY = "libc++";
				CLANG_ENABLE_MODULES = YES;
				CLANG_ENABLE_OBJC_ARC = YES;
				CLANG_ENABLE_OBJC_WEAK = YES;
				CLANG_WARN_BLOCK_CAPTURE_AUTORELEASING = YES;
				CLANG_WARN_BOOL_CONVERSION = YES;
				CLANG_WARN_COMMA = YES;
				CLANG_WARN_CONSTANT_CONVERSION = YES;
				CLANG_WARN_DEPRECATED_OBJC_IMPLEMENTATIONS = YES;
				CLANG_WARN_DIRECT_OBJC_ISA_USAGE = YES_ERROR;
				CLANG_WARN_DOCUMENTATION_COMMENTS = YES;
				CLANG_WARN_EMPTY_BODY = YES;
				CLANG_WARN_ENUM_CONVERSION = YES;
				CLANG_WARN_INFINITE_RECURSION = YES;
				CLANG_WARN_INT_CONVERSION = YES;
				CLANG_WARN_NON_LITERAL_NULL_CONVERSION = YES;
				CLANG_WARN_OBJC_IMPLICIT_RETAIN_SELF = YES;
				CLANG_WARN_OBJC_LITERAL_CONVERSION = YES;
				CLANG_WARN_OBJC_ROOT_CLASS = YES_ERROR;
				CLANG_WARN_QUOTED_INCLUDE_IN_FRAMEWORK_HEADER = YES;
				CLANG_WARN_RANGE_LOOP_ANALYSIS = YES;
				CLANG_WARN_STRICT_PROTOTYPES = YES;
				CLANG_WARN_SUSPICIOUS_MOVE = YES;
				CLANG_WARN_UNGUARDED_AVAILABILITY = YES_AGGRESSIVE;
				CLANG_WARN_UNREACHABLE_CODE = YES;
				CLANG_WARN__DUPLICATE_METHOD_MATCH = YES;
				COPY_PHASE_STRIP = NO;
				DEBUG_INFORMATION_FORMAT = "dwarf-with-dsym";
				ENABLE_NS_ASSERTIONS = NO;
				ENABLE_STRICT_OBJC_MSGSEND = YES;
				GCC_C_LANGUAGE_STANDARD = gnu11;
				GCC_NO_COMMON_BLOCKS = YES;
				GCC_WARN_64_TO_32_BIT_CONVERSION = YES;
				GCC_WARN_ABOUT_RETURN_TYPE = YES_ERROR;
				GCC_WARN_UNDECLARED_SELECTOR = YES;
				GCC_WARN_UNINITIALIZED_AUTOS = YES_AGGRESSIVE;
				GCC_WARN_UNUSED_FUNCTION = YES;
				GCC_WARN_UNUSED_VARIABLE = YES;
				IPHONEOS_DEPLOYMENT_TARGET = 15.2;
				MTL_ENABLE_DEBUG_INFO = NO;
				MTL_FAST_MATH = YES;
				SDKROOT = iphoneos;
				SWIFT_COMPILATION_MODE = wholemodule;
				SWIFT_OPTIMIZATION_LEVEL = "-O";
				VALIDATE_PRODUCT = YES;
			};
			name = Release;
		};
		343EE5AB26A886A2002FC34B /* Debug */ = {
			isa = XCBuildConfiguration;
			buildSettings = {
				ASSETCATALOG_COMPILER_APPICON_NAME = AppIcon;
				ASSETCATALOG_COMPILER_GLOBAL_ACCENT_COLOR_NAME = AccentColor;
				CODE_SIGN_STYLE = Automatic;
				DEVELOPMENT_ASSET_PATHS = "\"Photoview/Preview Content\"";
				DEVELOPMENT_TEAM = G4AMKXM324;
				ENABLE_PREVIEWS = YES;
				INFOPLIST_FILE = Photoview/Info.plist;
				IPHONEOS_DEPLOYMENT_TARGET = 15.2;
				LD_RUNPATH_SEARCH_PATHS = (
					"$(inherited)",
					"@executable_path/Frameworks",
				);
				MARKETING_VERSION = 0.4;
				PRODUCT_BUNDLE_IDENTIFIER = com.github.photoview.Photoview;
				PRODUCT_NAME = "$(TARGET_NAME)";
				SWIFT_VERSION = 5.0;
				TARGETED_DEVICE_FAMILY = "1,2";
			};
			name = Debug;
		};
		343EE5AC26A886A2002FC34B /* Release */ = {
			isa = XCBuildConfiguration;
			buildSettings = {
				ASSETCATALOG_COMPILER_APPICON_NAME = AppIcon;
				ASSETCATALOG_COMPILER_GLOBAL_ACCENT_COLOR_NAME = AccentColor;
				CODE_SIGN_STYLE = Automatic;
				DEVELOPMENT_ASSET_PATHS = "\"Photoview/Preview Content\"";
				DEVELOPMENT_TEAM = G4AMKXM324;
				ENABLE_PREVIEWS = YES;
				INFOPLIST_FILE = Photoview/Info.plist;
				IPHONEOS_DEPLOYMENT_TARGET = 15.2;
				LD_RUNPATH_SEARCH_PATHS = (
					"$(inherited)",
					"@executable_path/Frameworks",
				);
				MARKETING_VERSION = 0.4;
				PRODUCT_BUNDLE_IDENTIFIER = com.github.photoview.Photoview;
				PRODUCT_NAME = "$(TARGET_NAME)";
				SWIFT_VERSION = 5.0;
				TARGETED_DEVICE_FAMILY = "1,2";
			};
			name = Release;
		};
		343EE5AE26A886A2002FC34B /* Debug */ = {
			isa = XCBuildConfiguration;
			buildSettings = {
				ALWAYS_EMBED_SWIFT_STANDARD_LIBRARIES = YES;
				BUNDLE_LOADER = "$(TEST_HOST)";
				CODE_SIGN_STYLE = Automatic;
				DEVELOPMENT_TEAM = G4AMKXM324;
				INFOPLIST_FILE = PhotoviewTests/Info.plist;
				IPHONEOS_DEPLOYMENT_TARGET = 15.2;
				LD_RUNPATH_SEARCH_PATHS = (
					"$(inherited)",
					"@executable_path/Frameworks",
					"@loader_path/Frameworks",
				);
				PRODUCT_BUNDLE_IDENTIFIER = com.github.photoview.PhotoviewTests;
				PRODUCT_NAME = "$(TARGET_NAME)";
				SWIFT_VERSION = 5.0;
				TARGETED_DEVICE_FAMILY = "1,2";
				TEST_HOST = "$(BUILT_PRODUCTS_DIR)/Photoview.app/Photoview";
			};
			name = Debug;
		};
		343EE5AF26A886A2002FC34B /* Release */ = {
			isa = XCBuildConfiguration;
			buildSettings = {
				ALWAYS_EMBED_SWIFT_STANDARD_LIBRARIES = YES;
				BUNDLE_LOADER = "$(TEST_HOST)";
				CODE_SIGN_STYLE = Automatic;
				DEVELOPMENT_TEAM = G4AMKXM324;
				INFOPLIST_FILE = PhotoviewTests/Info.plist;
				IPHONEOS_DEPLOYMENT_TARGET = 15.2;
				LD_RUNPATH_SEARCH_PATHS = (
					"$(inherited)",
					"@executable_path/Frameworks",
					"@loader_path/Frameworks",
				);
				PRODUCT_BUNDLE_IDENTIFIER = com.github.photoview.PhotoviewTests;
				PRODUCT_NAME = "$(TARGET_NAME)";
				SWIFT_VERSION = 5.0;
				TARGETED_DEVICE_FAMILY = "1,2";
				TEST_HOST = "$(BUILT_PRODUCTS_DIR)/Photoview.app/Photoview";
			};
			name = Release;
		};
		343EE5B126A886A2002FC34B /* Debug */ = {
			isa = XCBuildConfiguration;
			buildSettings = {
				ALWAYS_EMBED_SWIFT_STANDARD_LIBRARIES = YES;
				CODE_SIGN_STYLE = Automatic;
				DEVELOPMENT_TEAM = G4AMKXM324;
				INFOPLIST_FILE = PhotoviewUITests/Info.plist;
				LD_RUNPATH_SEARCH_PATHS = (
					"$(inherited)",
					"@executable_path/Frameworks",
					"@loader_path/Frameworks",
				);
				PRODUCT_BUNDLE_IDENTIFIER = com.github.photoview.PhotoviewUITests;
				PRODUCT_NAME = "$(TARGET_NAME)";
				SWIFT_VERSION = 5.0;
				TARGETED_DEVICE_FAMILY = "1,2";
				TEST_TARGET_NAME = Photoview;
			};
			name = Debug;
		};
		343EE5B226A886A2002FC34B /* Release */ = {
			isa = XCBuildConfiguration;
			buildSettings = {
				ALWAYS_EMBED_SWIFT_STANDARD_LIBRARIES = YES;
				CODE_SIGN_STYLE = Automatic;
				DEVELOPMENT_TEAM = G4AMKXM324;
				INFOPLIST_FILE = PhotoviewUITests/Info.plist;
				LD_RUNPATH_SEARCH_PATHS = (
					"$(inherited)",
					"@executable_path/Frameworks",
					"@loader_path/Frameworks",
				);
				PRODUCT_BUNDLE_IDENTIFIER = com.github.photoview.PhotoviewUITests;
				PRODUCT_NAME = "$(TARGET_NAME)";
				SWIFT_VERSION = 5.0;
				TARGETED_DEVICE_FAMILY = "1,2";
				TEST_TARGET_NAME = Photoview;
			};
			name = Release;
		};
/* End XCBuildConfiguration section */

/* Begin XCConfigurationList section */
		343EE58026A8869F002FC34B /* Build configuration list for PBXProject "Photoview" */ = {
			isa = XCConfigurationList;
			buildConfigurations = (
				343EE5A826A886A2002FC34B /* Debug */,
				343EE5A926A886A2002FC34B /* Release */,
			);
			defaultConfigurationIsVisible = 0;
			defaultConfigurationName = Release;
		};
		343EE5AA26A886A2002FC34B /* Build configuration list for PBXNativeTarget "Photoview" */ = {
			isa = XCConfigurationList;
			buildConfigurations = (
				343EE5AB26A886A2002FC34B /* Debug */,
				343EE5AC26A886A2002FC34B /* Release */,
			);
			defaultConfigurationIsVisible = 0;
			defaultConfigurationName = Release;
		};
		343EE5AD26A886A2002FC34B /* Build configuration list for PBXNativeTarget "PhotoviewTests" */ = {
			isa = XCConfigurationList;
			buildConfigurations = (
				343EE5AE26A886A2002FC34B /* Debug */,
				343EE5AF26A886A2002FC34B /* Release */,
			);
			defaultConfigurationIsVisible = 0;
			defaultConfigurationName = Release;
		};
		343EE5B026A886A2002FC34B /* Build configuration list for PBXNativeTarget "PhotoviewUITests" */ = {
			isa = XCConfigurationList;
			buildConfigurations = (
				343EE5B126A886A2002FC34B /* Debug */,
				343EE5B226A886A2002FC34B /* Release */,
			);
			defaultConfigurationIsVisible = 0;
			defaultConfigurationName = Release;
		};
/* End XCConfigurationList section */

/* Begin XCRemoteSwiftPackageReference section */
		348268D926A8CEB7006A7D64 /* XCRemoteSwiftPackageReference "keychain-swift" */ = {
			isa = XCRemoteSwiftPackageReference;
			repositoryURL = "https://github.com/evgenyneu/keychain-swift.git";
			requirement = {
				kind = upToNextMajorVersion;
				minimumVersion = 19.0.0;
			};
		};
		34C52F6726A88D4E005ED502 /* XCRemoteSwiftPackageReference "apollo-ios" */ = {
			isa = XCRemoteSwiftPackageReference;
			repositoryURL = "https://github.com/apollographql/apollo-ios.git";
			requirement = {
				kind = upToNextMajorVersion;
				minimumVersion = 0.45.0;
			};
		};
/* End XCRemoteSwiftPackageReference section */

/* Begin XCSwiftPackageProductDependency section */
		348268DA26A8CEB7006A7D64 /* KeychainSwift */ = {
			isa = XCSwiftPackageProductDependency;
			package = 348268D926A8CEB7006A7D64 /* XCRemoteSwiftPackageReference "keychain-swift" */;
			productName = KeychainSwift;
		};
		34C52F6826A88D4E005ED502 /* Apollo */ = {
			isa = XCSwiftPackageProductDependency;
			package = 34C52F6726A88D4E005ED502 /* XCRemoteSwiftPackageReference "apollo-ios" */;
			productName = Apollo;
		};
/* End XCSwiftPackageProductDependency section */
	};
	rootObject = 343EE57D26A8869F002FC34B /* Project object */;
}
